{
  "lockfileVersion": 1,
  "workspaces": {
    "": {
      "name": "todo-project",
      "dependencies": {
        "@graphql-tools/schema": "^10.0.25",
        "bcryptjs": "^3.0.2",
        "graphql": "^16.11.0",
        "graphql-yoga": "^5.15.1",
        "mongodb": "^6.18.0",
      },
      "devDependencies": {
        "@types/bun": "latest",
        "@types/node": "^24.3.0",
      },
      "peerDependencies": {
        "typescript": "^5.9.2",
      },
    },
  },
  "packages": {
    "@envelop/core": ["@envelop/core@5.3.0", "", { "dependencies": { "@envelop/instrumentation": "^1.0.0", "@envelop/types": "^5.2.1", "@whatwg-node/promise-helpers": "^1.2.4", "tslib": "^2.5.0" } }, "sha512-xvUkOWXI8JsG2OOnqiI2tOkEc52wbmIqWORr7yGc8B8E53Oh1MMGGGck4mbR80s25LnHVzfNIiIlNkuDgZRuuA=="],

    "@envelop/instrumentation": ["@envelop/instrumentation@1.0.0", "", { "dependencies": { "@whatwg-node/promise-helpers": "^1.2.1", "tslib": "^2.5.0" } }, "sha512-cxgkB66RQB95H3X27jlnxCRNTmPuSTgmBAq6/4n2Dtv4hsk4yz8FadA1ggmd0uZzvKqWD6CR+WFgTjhDqg7eyw=="],

    "@envelop/types": ["@envelop/types@5.2.1", "", { "dependencies": { "@whatwg-node/promise-helpers": "^1.0.0", "tslib": "^2.5.0" } }, "sha512-CsFmA3u3c2QoLDTfEpGr4t25fjMU31nyvse7IzWTvb0ZycuPjMjb0fjlheh+PbhBYb9YLugnT2uY6Mwcg1o+Zg=="],

    "@fastify/busboy": ["@fastify/busboy@3.2.0", "", {}, "sha512-m9FVDXU3GT2ITSe0UaMA5rU3QkfC/UXtCU8y0gSN/GugTqtVldOBWIB5V6V3sbmenVZUIpU6f+mPEO2+m5iTaA=="],

    "@graphql-tools/executor": ["@graphql-tools/executor@1.4.9", "", { "dependencies": { "@graphql-tools/utils": "^10.9.1", "@graphql-typed-document-node/core": "^3.2.0", "@repeaterjs/repeater": "^3.0.4", "@whatwg-node/disposablestack": "^0.0.6", "@whatwg-node/promise-helpers": "^1.0.0", "tslib": "^2.4.0" }, "peerDependencies": { "graphql": "^14.0.0 || ^15.0.0 || ^16.0.0 || ^17.0.0" } }, "sha512-SAUlDT70JAvXeqV87gGzvDzUGofn39nvaVcVhNf12Dt+GfWHtNNO/RCn/Ea4VJaSLGzraUd41ObnN3i80EBU7w=="],

    "@graphql-tools/merge": ["@graphql-tools/merge@9.1.1", "", { "dependencies": { "@graphql-tools/utils": "^10.9.1", "tslib": "^2.4.0" }, "peerDependencies": { "graphql": "^14.0.0 || ^15.0.0 || ^16.0.0 || ^17.0.0" } }, "sha512-BJ5/7Y7GOhTuvzzO5tSBFL4NGr7PVqTJY3KeIDlVTT8YLcTXtBR+hlrC3uyEym7Ragn+zyWdHeJ9ev+nRX1X2w=="],

    "@graphql-tools/schema": ["@graphql-tools/schema@10.0.25", "", { "dependencies": { "@graphql-tools/merge": "^9.1.1", "@graphql-tools/utils": "^10.9.1", "tslib": "^2.4.0" }, "peerDependencies": { "graphql": "^14.0.0 || ^15.0.0 || ^16.0.0 || ^17.0.0" } }, "sha512-/PqE8US8kdQ7lB9M5+jlW8AyVjRGCKU7TSktuW3WNKSKmDO0MK1wakvb5gGdyT49MjAIb4a3LWxIpwo5VygZuw=="],

    "@graphql-tools/utils": ["@graphql-tools/utils@10.9.1", "", { "dependencies": { "@graphql-typed-document-node/core": "^3.1.1", "@whatwg-node/promise-helpers": "^1.0.0", "cross-inspect": "1.0.1", "dset": "^3.1.4", "tslib": "^2.4.0" }, "peerDependencies": { "graphql": "^14.0.0 || ^15.0.0 || ^16.0.0 || ^17.0.0" } }, "sha512-B1wwkXk9UvU7LCBkPs8513WxOQ2H8Fo5p8HR1+Id9WmYE5+bd51vqN+MbrqvWczHCH2gwkREgHJN88tE0n1FCw=="],

    "@graphql-typed-document-node/core": ["@graphql-typed-document-node/core@3.2.0", "", { "peerDependencies": { "graphql": "^0.8.0 || ^0.9.0 || ^0.10.0 || ^0.11.0 || ^0.12.0 || ^0.13.0 || ^14.0.0 || ^15.0.0 || ^16.0.0 || ^17.0.0" } }, "sha512-mB9oAsNCm9aM3/SOv4YtBMqZbYj10R7dkq8byBqxGY/ncFwhf2oQzMV+LCRlWoDSEBJ3COiR1yeDvMtsoOsuFQ=="],

    "@graphql-yoga/logger": ["@graphql-yoga/logger@2.0.1", "", { "dependencies": { "tslib": "^2.8.1" } }, "sha512-Nv0BoDGLMg9QBKy9cIswQ3/6aKaKjlTh87x3GiBg2Z4RrjyrM48DvOOK0pJh1C1At+b0mUIM67cwZcFTDLN4sA=="],

    "@graphql-yoga/subscription": ["@graphql-yoga/subscription@5.0.5", "", { "dependencies": { "@graphql-yoga/typed-event-target": "^3.0.2", "@repeaterjs/repeater": "^3.0.4", "@whatwg-node/events": "^0.1.0", "tslib": "^2.8.1" } }, "sha512-oCMWOqFs6QV96/NZRt/ZhTQvzjkGB4YohBOpKM4jH/lDT4qb7Lex/aGCxpi/JD9njw3zBBtMqxbaC22+tFHVvw=="],

    "@graphql-yoga/typed-event-target": ["@graphql-yoga/typed-event-target@3.0.2", "", { "dependencies": { "@repeaterjs/repeater": "^3.0.4", "tslib": "^2.8.1" } }, "sha512-ZpJxMqB+Qfe3rp6uszCQoag4nSw42icURnBRfFYSOmTgEeOe4rD0vYlbA8spvCu2TlCesNTlEN9BLWtQqLxabA=="],

    "@mongodb-js/saslprep": ["@mongodb-js/saslprep@1.3.0", "", { "dependencies": { "sparse-bitfield": "^3.0.3" } }, "sha512-zlayKCsIjYb7/IdfqxorK5+xUMyi4vOKcFy10wKJYc63NSdKI8mNME+uJqfatkPmOSMMUiojrL58IePKBm3gvQ=="],

    "@repeaterjs/repeater": ["@repeaterjs/repeater@3.0.6", "", {}, "sha512-Javneu5lsuhwNCryN+pXH93VPQ8g0dBX7wItHFgYiwQmzE1sVdg5tWHiOgHywzL2W21XQopa7IwIEnNbmeUJYA=="],

    "@types/bun": ["@types/bun@1.2.20", "", { "dependencies": { "bun-types": "1.2.20" } }, "sha512-dX3RGzQ8+KgmMw7CsW4xT5ITBSCrSbfHc36SNT31EOUg/LA9JWq0VDdEXDRSe1InVWpd2yLUM1FUF/kEOyTzYA=="],

    "@types/node": ["@types/node@24.3.0", "", { "dependencies": { "undici-types": "~7.10.0" } }, "sha512-aPTXCrfwnDLj4VvXrm+UUCQjNEvJgNA8s5F1cvwQU+3KNltTOkBm1j30uNLyqqPNe7gE3KFzImYoZEfLhp4Yow=="],

    "@types/react": ["@types/react@19.1.10", "", { "dependencies": { "csstype": "^3.0.2" } }, "sha512-EhBeSYX0Y6ye8pNebpKrwFJq7BoQ8J5SO6NlvNwwHjSj6adXJViPQrKlsyPw7hLBLvckEMO1yxeGdR82YBBlDg=="],

    "@types/webidl-conversions": ["@types/webidl-conversions@7.0.3", "", {}, "sha512-CiJJvcRtIgzadHCYXw7dqEnMNRjhGZlYK05Mj9OyktqV8uVT8fD2BFOB7S1uwBE3Kj2Z+4UyPmFw/Ixgw/LAlA=="],

    "@types/whatwg-url": ["@types/whatwg-url@11.0.5", "", { "dependencies": { "@types/webidl-conversions": "*" } }, "sha512-coYR071JRaHa+xoEvvYqvnIHaVqaYrLPbsufM9BF63HkwI5Lgmy2QR8Q5K/lYDYo5AK82wOvSOS0UsLTpTG7uQ=="],

    "@whatwg-node/disposablestack": ["@whatwg-node/disposablestack@0.0.6", "", { "dependencies": { "@whatwg-node/promise-helpers": "^1.0.0", "tslib": "^2.6.3" } }, "sha512-LOtTn+JgJvX8WfBVJtF08TGrdjuFzGJc4mkP8EdDI8ADbvO7kiexYep1o8dwnt0okb0jYclCDXF13xU7Ge4zSw=="],

    "@whatwg-node/events": ["@whatwg-node/events@0.1.2", "", { "dependencies": { "tslib": "^2.6.3" } }, "sha512-ApcWxkrs1WmEMS2CaLLFUEem/49erT3sxIVjpzU5f6zmVcnijtDSrhoK2zVobOIikZJdH63jdAXOrvjf6eOUNQ=="],

    "@whatwg-node/fetch": ["@whatwg-node/fetch@0.10.10", "", { "dependencies": { "@whatwg-node/node-fetch": "^0.7.25", "urlpattern-polyfill": "^10.0.0" } }, "sha512-watz4i/Vv4HpoJ+GranJ7HH75Pf+OkPQ63NoVmru6Srgc8VezTArB00i/oQlnn0KWh14gM42F22Qcc9SU9mo/w=="],

    "@whatwg-node/node-fetch": ["@whatwg-node/node-fetch@0.7.25", "", { "dependencies": { "@fastify/busboy": "^3.1.1", "@whatwg-node/disposablestack": "^0.0.6", "@whatwg-node/promise-helpers": "^1.3.2", "tslib": "^2.6.3" } }, "sha512-szCTESNJV+Xd56zU6ShOi/JWROxE9IwCic8o5D9z5QECZloas6Ez5tUuKqXTAdu6fHFx1t6C+5gwj8smzOLjtg=="],

    "@whatwg-node/promise-helpers": ["@whatwg-node/promise-helpers@1.3.2", "", { "dependencies": { "tslib": "^2.6.3" } }, "sha512-Nst5JdK47VIl9UcGwtv2Rcgyn5lWtZ0/mhRQ4G8NN2isxpq2TO30iqHzmwoJycjWuyUfg3GFXqP/gFHXeV57IA=="],

    "@whatwg-node/server": ["@whatwg-node/server@0.10.12", "", { "dependencies": { "@envelop/instrumentation": "^1.0.0", "@whatwg-node/disposablestack": "^0.0.6", "@whatwg-node/fetch": "^0.10.10", "@whatwg-node/promise-helpers": "^1.3.2", "tslib": "^2.6.3" } }, "sha512-MQIvvQyPvKGna586MzXhgwnEbGtbm7QtOgJ/KPd/tC70M/jbhd1xHdIQQbh3okBw+MrDF/EvaC2vB5oRC7QdlQ=="],

    "bcryptjs": ["bcryptjs@3.0.2", "", { "bin": { "bcrypt": "bin/bcrypt" } }, "sha512-k38b3XOZKv60C4E2hVsXTolJWfkGRMbILBIe2IBITXciy5bOsTKot5kDrf3ZfufQtQOUN5mXceUEpU1rTl9Uog=="],

    "bson": ["bson@6.10.4", "", {}, "sha512-WIsKqkSC0ABoBJuT1LEX+2HEvNmNKKgnTAyd0fL8qzK4SH2i9NXg+t08YtdZp/V9IZ33cxe3iV4yM0qg8lMQng=="],

    "bun-types": ["bun-types@1.2.20", "", { "dependencies": { "@types/node": "*" }, "peerDependencies": { "@types/react": "^19" } }, "sha512-pxTnQYOrKvdOwyiyd/7sMt9yFOenN004Y6O4lCcCUoKVej48FS5cvTw9geRaEcB9TsDZaJKAxPTVvi8tFsVuXA=="],

    "cross-inspect": ["cross-inspect@1.0.1", "", { "dependencies": { "tslib": "^2.4.0" } }, "sha512-Pcw1JTvZLSJH83iiGWt6fRcT+BjZlCDRVwYLbUcHzv/CRpB7r0MlSrGbIyQvVSNyGnbt7G4AXuyCiDR3POvZ1A=="],

    "csstype": ["csstype@3.1.3", "", {}, "sha512-M1uQkMl8rQK/szD0LNhtqxIPLpimGm8sOBwU7lLnCpSbTyY3yeU1Vc7l4KT5zT4s/yOxHH5O7tIuuLOCnLADRw=="],

    "dset": ["dset@3.1.4", "", {}, "sha512-2QF/g9/zTaPDc3BjNcVTGoBbXBgYfMTTceLaYcFJ/W9kggFUkhxD/hMEeuLKbugyef9SqAx8cpgwlIP/jinUTA=="],

    "graphql": ["graphql@16.11.0", "", {}, "sha512-mS1lbMsxgQj6hge1XZ6p7GPhbrtFwUFYi3wRzXAC/FmYnyXMTvvI3td3rjmQ2u8ewXueaSvRPWaEcgVVOT9Jnw=="],

    "graphql-yoga": ["graphql-yoga@5.15.1", "", { "dependencies": { "@envelop/core": "^5.3.0", "@envelop/instrumentation": "^1.0.0", "@graphql-tools/executor": "^1.4.0", "@graphql-tools/schema": "^10.0.11", "@graphql-tools/utils": "^10.6.2", "@graphql-yoga/logger": "^2.0.1", "@graphql-yoga/subscription": "^5.0.5", "@whatwg-node/fetch": "^0.10.6", "@whatwg-node/promise-helpers": "^1.2.4", "@whatwg-node/server": "^0.10.5", "dset": "^3.1.4", "lru-cache": "^10.0.0", "tslib": "^2.8.1" }, "peerDependencies": { "graphql": "^15.2.0 || ^16.0.0" } }, "sha512-wCSnviFFGC4CF9lyeRNMW1p55xVWkMRLPu9iHYbBd8WCJEjduDTo3nh91sVktpbJdUQ6rxNBN6hhpTYMFZuMwg=="],

    "lru-cache": ["lru-cache@10.4.3", "", {}, "sha512-JNAzZcXrCt42VGLuYz0zfAzDfAvJWW6AfYlDBQyDV5DClI2m5sAmK+OIO7s59XfsRsWHp02jAJrRadPRGTt6SQ=="],

    "memory-pager": ["memory-pager@1.5.0", "", {}, "sha512-ZS4Bp4r/Zoeq6+NLJpP+0Zzm0pR8whtGPf1XExKLJBAczGMnSi3It14OiNCStjQjM6NU1okjQGSxgEZN8eBYKg=="],

    "mongodb": ["mongodb@6.18.0", "", { "dependencies": { "@mongodb-js/saslprep": "^1.1.9", "bson": "^6.10.4", "mongodb-connection-string-url": "^3.0.0" }, "peerDependencies": { "@aws-sdk/credential-providers": "^3.188.0", "@mongodb-js/zstd": "^1.1.0 || ^2.0.0", "gcp-metadata": "^5.2.0", "kerberos": "^2.0.1", "mongodb-client-encryption": ">=6.0.0 <7", "snappy": "^7.2.2", "socks": "^2.7.1" }, "optionalPeers": ["@aws-sdk/credential-providers", "@mongodb-js/zstd", "gcp-metadata", "kerberos", "mongodb-client-encryption", "snappy", "socks"] }, "sha512-fO5ttN9VC8P0F5fqtQmclAkgXZxbIkYRTUi1j8JO6IYwvamkhtYDilJr35jOPELR49zqCJgXZWwCtW7B+TM8vQ=="],

    "mongodb-connection-string-url": ["mongodb-connection-string-url@3.0.2", "", { "dependencies": { "@types/whatwg-url": "^11.0.2", "whatwg-url": "^14.1.0 || ^13.0.0" } }, "sha512-rMO7CGo/9BFwyZABcKAWL8UJwH/Kc2x0g72uhDWzG48URRax5TCIcJ7Rc3RZqffZzO/Gwff/jyKwCU9TN8gehA=="],

    "punycode": ["punycode@2.3.1", "", {}, "sha512-vYt7UD1U9Wg6138shLtLOvdAu+8DsC/ilFtEVHcH+wydcSpNE20AfSOduf6MkRFahL5FY7X1oU7nKVZFtfq8Fg=="],

    "sparse-bitfield": ["sparse-bitfield@3.0.3", "", { "dependencies": { "memory-pager": "^1.0.2" } }, "sha512-kvzhi7vqKTfkh0PZU+2D2PIllw2ymqJKujUcyPMd9Y75Nv4nPbGJZXNhxsgdQab2BmlDct1YnfQCguEvHr7VsQ=="],

    "tr46": ["tr46@5.1.1", "", { "dependencies": { "punycode": "^2.3.1" } }, "sha512-hdF5ZgjTqgAntKkklYw0R03MG2x/bSzTtkxmIRw/sTNV8YXsCJ1tfLAX23lhxhHJlEf3CRCOCGGWw3vI3GaSPw=="],

    "tslib": ["tslib@2.8.1", "", {}, "sha512-oJFu94HQb+KVduSUQL7wnpmqnfmLsOA/nAh6b6EH0wCEoK0/mPeXU6c3wKDV83MkOuHPRHtSXKKU99IBazS/2w=="],

    "typescript": ["typescript@5.9.2", "", { "bin": { "tsc": "bin/tsc", "tsserver": "bin/tsserver" } }, "sha512-CWBzXQrc/qOkhidw1OzBTQuYRbfyxDXJMVJ1XNwUHGROVmuaeiEm3OslpZ1RV96d7SKKjZKrSJu3+t/xlw3R9A=="],

    "undici-types": ["undici-types@7.10.0", "", {}, "sha512-t5Fy/nfn+14LuOc2KNYg75vZqClpAiqscVvMygNnlsHBFpSXdJaYtXMcdNLpl/Qvc3P2cB3s6lOV51nqsFq4ag=="],

    "urlpattern-polyfill": ["urlpattern-polyfill@10.1.0", "", {}, "sha512-IGjKp/o0NL3Bso1PymYURCJxMPNAf/ILOpendP9f5B6e1rTJgdgiOvgfoT8VxCAdY+Wisb9uhGaJJf3yZ2V9nw=="],

    "webidl-conversions": ["webidl-conversions@7.0.0", "", {}, "sha512-VwddBukDzu71offAQR975unBIGqfKZpM+8ZX6ySk8nYhVoo5CYaZyzt3YBvYtRtO+aoGlqxPg/B87NGVZ/fu6g=="],

    "whatwg-url": ["whatwg-url@14.2.0", "", { "dependencies": { "tr46": "^5.1.0", "webidl-conversions": "^7.0.0" } }, "sha512-De72GdQZzNTUBBChsXueQUnPKDkg/5A5zp7pFDuQAj5UFoENpiACU0wlCvzpAGnTkj++ihpKwKyYewn/XNUbKw=="],
  }
}
